
Microsoft Visual Studio Solution File, Format Version 12.00
# Visual Studio 15
VisualStudioVersion = 15.0.28010.2016
MinimumVisualStudioVersion = 10.0.40219.1
Project("{FAE04EC0-301F-11D3-BF4B-00C04F79EFBC}") = "Fonctions", "Fonctions\Fonctions.csproj", "{AD03D737-35D2-4864-8939-DCB15027335F}"
EndProject
Global
	GlobalSection(SolutionConfigurationPlatforms) = preSolution
		Debug|Any CPU = Debug|Any CPU
		Release|Any CPU = Release|Any CPU
	EndGlobalSection
	GlobalSection(ProjectConfigurationPlatforms) = postSolution
		{AD03D737-35D2-4864-8939-DCB15027335F}.Debug|Any CPU.ActiveCfg = Debug|Any CPU
		{AD03D737-35D2-4864-8939-DCB15027335F}.Debug|Any CPU.Build.0 = Debug|Any CPU
		{AD03D737-35D2-4864-8939-DCB15027335F}.Release|Any CPU.ActiveCfg = Release|Any CPU
		{AD03D737-35D2-4864-8939-DCB15027335F}.Release|Any CPU.Build.0 = Release|Any CPU
	EndGlobalSection
	GlobalSection(SolutionProperties) = preSolution
		HideSolutionNode = FALSE
	EndGlobalSection
	GlobalSection(ExtensibilityGlobals) = postSolution
		SolutionGuid = {1D6A5410-EC20-4548-922D-F701EC2B8696}
	EndGlobalSection
EndGlobal
